
Microsoft Visual Studio Solution File, Format Version 12.00
# Visual Studio Version 16
VisualStudioVersion = 16.0.28803.202
MinimumVisualStudioVersion = 10.0.40219.1
Project("{FAE04EC0-301F-11D3-BF4B-00C04F79EFBC}") = "WinVerEx", "WinVerEx.csproj", "{DF277383-1A1F-4783-9A78-D70833CFDDF4}"
EndProject
Global
	GlobalSection(SolutionConfigurationPlatforms) = preSolution
		Debug|Any CPU = Debug|Any CPU
		Release|Any CPU = Release|Any CPU
	EndGlobalSection
	GlobalSection(ProjectConfigurationPlatforms) = postSolution
		{DF277383-1A1F-4783-9A78-D70833CFDDF4}.Debug|Any CPU.ActiveCfg = Debug|Any CPU
		{DF277383-1A1F-4783-9A78-D70833CFDDF4}.Debug|Any CPU.Build.0 = Debug|Any CPU
		{DF277383-1A1F-4783-9A78-D70833CFDDF4}.Release|Any CPU.ActiveCfg = Release|Any CPU
		{DF277383-1A1F-4783-9A78-D70833CFDDF4}.Release|Any CPU.Build.0 = Release|Any CPU
	EndGlobalSection
	GlobalSection(SolutionProperties) = preSolution
		HideSolutionNode = FALSE
	EndGlobalSection
	GlobalSection(ExtensibilityGlobals) = postSolution
		SolutionGuid = {F9E77DEC-307B-4217-B5DE-DE5BE1356C22}
	EndGlobalSection
EndGlobal
